PODS:
  - Scaffold (0.1.0):
    - Scaffold/Environment (= 0.1.0)
  - Scaffold/Environment (0.1.0)

DEPENDENCIES:
  - Scaffold (from `../`)

EXTERNAL SOURCES:
  Scaffold:
    :path: "../"

SPEC CHECKSUMS:
  Scaffold: 789722a117c2015b7124a929c62a43d070c1f8ae

PODFILE CHECKSUM: 80a7bf06f43dcd825fabcd74dbef1f3792734b3e

COCOAPODS: 1.0.1
