PODS:
  - Scaffold (0.1.0):
    - Scaffold/Environment (= 0.1.0)
  - Scaffold/Environment (0.1.0)

DEPENDENCIES:
  - Scaffold (from `../`)

EXTERNAL SOURCES:
  Scaffold:
    :path: "../"

SPEC CHECKSUMS:
  Scaffold: 789722a117c2015b7124a929c62a43d070c1f8ae

PODFILE CHECKSUM: cdf6ea0e5755d27b3ef94f01611863f3efe1ddab

COCOAPODS: 1.0.1
